{
  "name": "real_api_fmt",
  "version": "1.0.0",
  "lockfileVersion": 2,
  "requires": true,
  "packages": {
    "": {
      "name": "real_api_fmt",
      "version": "1.0.0",
      "license": "CSL",
      "dependencies": {
        "filament": "^1.36.0"
      },
      "devDependencies": {}
    },
    "node_modules/filament": {
      "version": "1.36.0",
      "resolved": "https://registry.npmjs.org/filament/-/filament-1.36.0.tgz",
      "integrity": "sha512-3j1quo69gMYMeNLopaVcCWbdm3VyBjI9Bd7wuzbdM99ZngiJ0COLgW4DMNzGk+i76Nd1IEwJCVQULAqUnAGAVg==",
      "dependencies": {
        "gl-matrix": "^3.2.1"
      }
    },
    "node_modules/gl-matrix": {
      "version": "3.4.3",
      "resolved": "https://registry.npmjs.org/gl-matrix/-/gl-matrix-3.4.3.tgz",
      "integrity": "sha512-wcCp8vu8FT22BnvKVPjXa/ICBWRq/zjFfdofZy1WSpQZpphblv12/bOQLBC1rMM7SGOFS9ltVmKOHil5+Ml7gA=="
    }
  },
  "dependencies": {
    "filament": {
      "version": "1.36.0",
      "resolved": "https://registry.npmjs.org/filament/-/filament-1.36.0.tgz",
      "integrity": "sha512-3j1quo69gMYMeNLopaVcCWbdm3VyBjI9Bd7wuzbdM99ZngiJ0COLgW4DMNzGk+i76Nd1IEwJCVQULAqUnAGAVg==",
      "requires": {
        "gl-matrix": "^3.2.1"
      }
    },
    "gl-matrix": {
      "version": "3.4.3",
      "resolved": "https://registry.npmjs.org/gl-matrix/-/gl-matrix-3.4.3.tgz",
      "integrity": "sha512-wcCp8vu8FT22BnvKVPjXa/ICBWRq/zjFfdofZy1WSpQZpphblv12/bOQLBC1rMM7SGOFS9ltVmKOHil5+Ml7gA=="
    }
  }
}
